// !$*UTF8*$!
{
	archiveVersion = 1;
	classes = {
	};
	objectVersion = 46;
	objects = {

/* Begin PBXBuildFile section */
		9B685FF21DAA4FCE001EC9FF /* StatisticInfo.m in Sources */ = {isa = PBXBuildFile; fileRef = 9B685FF11DAA4FCE001EC9FF /* StatisticInfo.m */; };
		9B68600C1DAB385F001EC9FF /* SPDBManager.m in Sources */ = {isa = PBXBuildFile; fileRef = 9B6860021DAB385F001EC9FF /* SPDBManager.m */; };
		9B68600D1DAB385F001EC9FF /* BaseDBDao.m in Sources */ = {isa = PBXBuildFile; fileRef = 9B6860071DAB385F001EC9FF /* BaseDBDao.m */; };
		9B68600E1DAB385F001EC9FF /* OptDao.m in Sources */ = {isa = PBXBuildFile; fileRef = 9B68600A1DAB385F001EC9FF /* OptDao.m */; };
		9B6860371DAB3E06001EC9FF /* SPFoundViewController.m in Sources */ = {isa = PBXBuildFile; fileRef = 9B6860181DAB3E06001EC9FF /* SPFoundViewController.m */; };
		9B6860381DAB3E06001EC9FF /* AppDelegate.m in Sources */ = {isa = PBXBuildFile; fileRef = 9B68601C1DAB3E06001EC9FF /* AppDelegate.m */; };
		9B6860391DAB3E06001EC9FF /* UIImage+SPExtension.m in Sources */ = {isa = PBXBuildFile; fileRef = 9B68601F1DAB3E06001EC9FF /* UIImage+SPExtension.m */; };
		9B68603A1DAB3E06001EC9FF /* SPNavigationController.m in Sources */ = {isa = PBXBuildFile; fileRef = 9B6860221DAB3E06001EC9FF /* SPNavigationController.m */; };
		9B68603B1DAB3E06001EC9FF /* SPTabBarController.m in Sources */ = {isa = PBXBuildFile; fileRef = 9B6860241DAB3E06001EC9FF /* SPTabBarController.m */; };
		9B68603C1DAB3E06001EC9FF /* main.m in Sources */ = {isa = PBXBuildFile; fileRef = 9B6860251DAB3E06001EC9FF /* main.m */; };
		9B68603D1DAB3E06001EC9FF /* SPMeViewController.m in Sources */ = {isa = PBXBuildFile; fileRef = 9B68602A1DAB3E06001EC9FF /* SPMeViewController.m */; };
		9B68603E1DAB3E06001EC9FF /* SPSubscribeViewController.m in Sources */ = {isa = PBXBuildFile; fileRef = 9B6860301DAB3E06001EC9FF /* SPSubscribeViewController.m */; };
		9B68603F1DAB3E06001EC9FF /* SPTopicViewController.m in Sources */ = {isa = PBXBuildFile; fileRef = 9B6860351DAB3E06001EC9FF /* SPTopicViewController.m */; };
		9B6860441DAB464D001EC9FF /* OptEntity.m in Sources */ = {isa = PBXBuildFile; fileRef = 9B6860431DAB464D001EC9FF /* OptEntity.m */; };
		9BA553E61D9E31EE0043E97E /* Main.storyboard in Resources */ = {isa = PBXBuildFile; fileRef = 9BA553E41D9E31EE0043E97E /* Main.storyboard */; };
		9BA553E91D9E31EE0043E97E /* Sparta.xcdatamodeld in Sources */ = {isa = PBXBuildFile; fileRef = 9BA553E71D9E31EE0043E97E /* Sparta.xcdatamodeld */; };
		9BA553EB1D9E31EE0043E97E /* Assets.xcassets in Resources */ = {isa = PBXBuildFile; fileRef = 9BA553EA1D9E31EE0043E97E /* Assets.xcassets */; };
		9BA553EE1D9E31EE0043E97E /* LaunchScreen.storyboard in Resources */ = {isa = PBXBuildFile; fileRef = 9BA553EC1D9E31EE0043E97E /* LaunchScreen.storyboard */; };
		E209E260905A14A1B6341995 /* libPods-Sparta.a in Frameworks */ = {isa = PBXBuildFile; fileRef = D2ECA49C6DFD0025731E31C9 /* libPods-Sparta.a */; };
/* End PBXBuildFile section */

/* Begin PBXFileReference section */
		2F9ED301CE1BF1A6E763FD1E /* Pods-Sparta.release.xcconfig */ = {isa = PBXFileReference; includeInIndex = 1; lastKnownFileType = text.xcconfig; name = "Pods-Sparta.release.xcconfig"; path = "Pods/Target Support Files/Pods-Sparta/Pods-Sparta.release.xcconfig"; sourceTree = "<group>"; };
		71F3C358BDCD58D1399160BB /* Pods-Sparta.debug.xcconfig */ = {isa = PBXFileReference; includeInIndex = 1; lastKnownFileType = text.xcconfig; name = "Pods-Sparta.debug.xcconfig"; path = "Pods/Target Support Files/Pods-Sparta/Pods-Sparta.debug.xcconfig"; sourceTree = "<group>"; };
		9B685FF01DAA4FCE001EC9FF /* StatisticInfo.h */ = {isa = PBXFileReference; fileEncoding = 4; lastKnownFileType = sourcecode.c.h; path = StatisticInfo.h; sourceTree = "<group>"; };
		9B685FF11DAA4FCE001EC9FF /* StatisticInfo.m */ = {isa = PBXFileReference; fileEncoding = 4; lastKnownFileType = sourcecode.c.objc; path = StatisticInfo.m; sourceTree = "<group>"; };
		9B685FF41DAA5051001EC9FF /* MainDef.h */ = {isa = PBXFileReference; lastKnownFileType = sourcecode.c.h; path = MainDef.h; sourceTree = "<group>"; };
		9B6860011DAB385F001EC9FF /* SPDBManager.h */ = {isa = PBXFileReference; fileEncoding = 4; lastKnownFileType = sourcecode.c.h; path = SPDBManager.h; sourceTree = "<group>"; };
		9B6860021DAB385F001EC9FF /* SPDBManager.m */ = {isa = PBXFileReference; fileEncoding = 4; lastKnownFileType = sourcecode.c.objc; path = SPDBManager.m; sourceTree = "<group>"; };
		9B6860061DAB385F001EC9FF /* BaseDBDao.h */ = {isa = PBXFileReference; fileEncoding = 4; lastKnownFileType = sourcecode.c.h; path = BaseDBDao.h; sourceTree = "<group>"; };
		9B6860071DAB385F001EC9FF /* BaseDBDao.m */ = {isa = PBXFileReference; fileEncoding = 4; lastKnownFileType = sourcecode.c.objc; path = BaseDBDao.m; sourceTree = "<group>"; };
		9B6860091DAB385F001EC9FF /* OptDao.h */ = {isa = PBXFileReference; fileEncoding = 4; lastKnownFileType = sourcecode.c.h; path = OptDao.h; sourceTree = "<group>"; };
		9B68600A1DAB385F001EC9FF /* OptDao.m */ = {isa = PBXFileReference; fileEncoding = 4; lastKnownFileType = sourcecode.c.objc; path = OptDao.m; sourceTree = "<group>"; };
		9B6860171DAB3E06001EC9FF /* SPFoundViewController.h */ = {isa = PBXFileReference; fileEncoding = 4; lastKnownFileType = sourcecode.c.h; path = SPFoundViewController.h; sourceTree = "<group>"; };
		9B6860181DAB3E06001EC9FF /* SPFoundViewController.m */ = {isa = PBXFileReference; fileEncoding = 4; lastKnownFileType = sourcecode.c.objc; path = SPFoundViewController.m; sourceTree = "<group>"; };
		9B68601B1DAB3E06001EC9FF /* AppDelegate.h */ = {isa = PBXFileReference; fileEncoding = 4; lastKnownFileType = sourcecode.c.h; path = AppDelegate.h; sourceTree = "<group>"; };
		9B68601C1DAB3E06001EC9FF /* AppDelegate.m */ = {isa = PBXFileReference; fileEncoding = 4; lastKnownFileType = sourcecode.c.objc; path = AppDelegate.m; sourceTree = "<group>"; };
		9B68601E1DAB3E06001EC9FF /* UIImage+SPExtension.h */ = {isa = PBXFileReference; fileEncoding = 4; lastKnownFileType = sourcecode.c.h; path = "UIImage+SPExtension.h"; sourceTree = "<group>"; };
		9B68601F1DAB3E06001EC9FF /* UIImage+SPExtension.m */ = {isa = PBXFileReference; fileEncoding = 4; lastKnownFileType = sourcecode.c.objc; path = "UIImage+SPExtension.m"; sourceTree = "<group>"; };
		9B6860211DAB3E06001EC9FF /* SPNavigationController.h */ = {isa = PBXFileReference; fileEncoding = 4; lastKnownFileType = sourcecode.c.h; path = SPNavigationController.h; sourceTree = "<group>"; };
		9B6860221DAB3E06001EC9FF /* SPNavigationController.m */ = {isa = PBXFileReference; fileEncoding = 4; lastKnownFileType = sourcecode.c.objc; path = SPNavigationController.m; sourceTree = "<group>"; };
		9B6860231DAB3E06001EC9FF /* SPTabBarController.h */ = {isa = PBXFileReference; fileEncoding = 4; lastKnownFileType = sourcecode.c.h; path = SPTabBarController.h; sourceTree = "<group>"; };
		9B6860241DAB3E06001EC9FF /* SPTabBarController.m */ = {isa = PBXFileReference; fileEncoding = 4; lastKnownFileType = sourcecode.c.objc; path = SPTabBarController.m; sourceTree = "<group>"; };
		9B6860251DAB3E06001EC9FF /* main.m */ = {isa = PBXFileReference; fileEncoding = 4; lastKnownFileType = sourcecode.c.objc; path = main.m; sourceTree = "<group>"; };
		9B6860261DAB3E06001EC9FF /* PrefixHeader.pch */ = {isa = PBXFileReference; fileEncoding = 4; lastKnownFileType = sourcecode.c.h; path = PrefixHeader.pch; sourceTree = "<group>"; };
		9B6860291DAB3E06001EC9FF /* SPMeViewController.h */ = {isa = PBXFileReference; fileEncoding = 4; lastKnownFileType = sourcecode.c.h; path = SPMeViewController.h; sourceTree = "<group>"; };
		9B68602A1DAB3E06001EC9FF /* SPMeViewController.m */ = {isa = PBXFileReference; fileEncoding = 4; lastKnownFileType = sourcecode.c.objc; path = SPMeViewController.m; sourceTree = "<group>"; };
		9B68602F1DAB3E06001EC9FF /* SPSubscribeViewController.h */ = {isa = PBXFileReference; fileEncoding = 4; lastKnownFileType = sourcecode.c.h; path = SPSubscribeViewController.h; sourceTree = "<group>"; };
		9B6860301DAB3E06001EC9FF /* SPSubscribeViewController.m */ = {isa = PBXFileReference; fileEncoding = 4; lastKnownFileType = sourcecode.c.objc; path = SPSubscribeViewController.m; sourceTree = "<group>"; };
		9B6860341DAB3E06001EC9FF /* SPTopicViewController.h */ = {isa = PBXFileReference; fileEncoding = 4; lastKnownFileType = sourcecode.c.h; path = SPTopicViewController.h; sourceTree = "<group>"; };
		9B6860351DAB3E06001EC9FF /* SPTopicViewController.m */ = {isa = PBXFileReference; fileEncoding = 4; lastKnownFileType = sourcecode.c.objc; path = SPTopicViewController.m; sourceTree = "<group>"; };
		9B6860421DAB464D001EC9FF /* OptEntity.h */ = {isa = PBXFileReference; fileEncoding = 4; lastKnownFileType = sourcecode.c.h; path = OptEntity.h; sourceTree = "<group>"; };
		9B6860431DAB464D001EC9FF /* OptEntity.m */ = {isa = PBXFileReference; fileEncoding = 4; lastKnownFileType = sourcecode.c.objc; path = OptEntity.m; sourceTree = "<group>"; };
		9BA553D81D9E31EE0043E97E /* Sparta.app */ = {isa = PBXFileReference; explicitFileType = wrapper.application; includeInIndex = 0; path = Sparta.app; sourceTree = BUILT_PRODUCTS_DIR; };
		9BA553DC1D9E31EE0043E97E /* main.m */ = {isa = PBXFileReference; lastKnownFileType = sourcecode.c.objc; path = main.m; sourceTree = "<group>"; };
		9BA553E51D9E31EE0043E97E /* Base */ = {isa = PBXFileReference; lastKnownFileType = file.storyboard; name = Base; path = Base.lproj/Main.storyboard; sourceTree = "<group>"; };
		9BA553E81D9E31EE0043E97E /* Sparta.xcdatamodel */ = {isa = PBXFileReference; lastKnownFileType = wrapper.xcdatamodel; path = Sparta.xcdatamodel; sourceTree = "<group>"; };
		9BA553EA1D9E31EE0043E97E /* Assets.xcassets */ = {isa = PBXFileReference; lastKnownFileType = folder.assetcatalog; path = Assets.xcassets; sourceTree = "<group>"; };
		9BA553ED1D9E31EE0043E97E /* Base */ = {isa = PBXFileReference; lastKnownFileType = file.storyboard; name = Base; path = Base.lproj/LaunchScreen.storyboard; sourceTree = "<group>"; };
		9BA553EF1D9E31EE0043E97E /* Info.plist */ = {isa = PBXFileReference; lastKnownFileType = text.plist.xml; path = Info.plist; sourceTree = "<group>"; };
		D2ECA49C6DFD0025731E31C9 /* libPods-Sparta.a */ = {isa = PBXFileReference; explicitFileType = archive.ar; includeInIndex = 0; path = "libPods-Sparta.a"; sourceTree = BUILT_PRODUCTS_DIR; };
/* End PBXFileReference section */

/* Begin PBXFrameworksBuildPhase section */
		9BA553D51D9E31EE0043E97E /* Frameworks */ = {
			isa = PBXFrameworksBuildPhase;
			buildActionMask = 2147483647;
			files = (
				E209E260905A14A1B6341995 /* libPods-Sparta.a in Frameworks */,
			);
			runOnlyForDeploymentPostprocessing = 0;
		};
/* End PBXFrameworksBuildPhase section */

/* Begin PBXGroup section */
		6D3F3E8470089F60E7749024 /* Frameworks */ = {
			isa = PBXGroup;
			children = (
				D2ECA49C6DFD0025731E31C9 /* libPods-Sparta.a */,
			);
			name = Frameworks;
			sourceTree = "<group>";
		};
		9B685FEE1DAA4F5F001EC9FF /* Common */ = {
			isa = PBXGroup;
			children = (
				9B685FF31DAA502F001EC9FF /* CmdDef */,
				9B685FEF1DAA4FCE001EC9FF /* StatisticsInterface */,
			);
			path = Common;
			sourceTree = "<group>";
		};
		9B685FEF1DAA4FCE001EC9FF /* StatisticsInterface */ = {
			isa = PBXGroup;
			children = (
				9B685FF01DAA4FCE001EC9FF /* StatisticInfo.h */,
				9B685FF11DAA4FCE001EC9FF /* StatisticInfo.m */,
			);
			path = StatisticsInterface;
			sourceTree = "<group>";
		};
		9B685FF31DAA502F001EC9FF /* CmdDef */ = {
			isa = PBXGroup;
			children = (
				9B685FF41DAA5051001EC9FF /* MainDef.h */,
			);
			name = CmdDef;
			path = CommonUtils/CmdDef;
			sourceTree = "<group>";
		};
		9B685FFD1DAB385F001EC9FF /* Model */ = {
			isa = PBXGroup;
			children = (
				9B6860401DAB464D001EC9FF /* Entity */,
				9B685FFE1DAB385F001EC9FF /* BLL */,
				9B6860031DAB385F001EC9FF /* DAO */,
			);
			path = Model;
			sourceTree = "<group>";
		};
		9B685FFE1DAB385F001EC9FF /* BLL */ = {
			isa = PBXGroup;
			children = (
				9B685FFF1DAB385F001EC9FF /* Manager */,
			);
			path = BLL;
			sourceTree = "<group>";
		};
		9B685FFF1DAB385F001EC9FF /* Manager */ = {
			isa = PBXGroup;
			children = (
				9B6860001DAB385F001EC9FF /* DBManager */,
			);
			path = Manager;
			sourceTree = "<group>";
		};
		9B6860001DAB385F001EC9FF /* DBManager */ = {
			isa = PBXGroup;
			children = (
				9B6860011DAB385F001EC9FF /* SPDBManager.h */,
				9B6860021DAB385F001EC9FF /* SPDBManager.m */,
			);
			path = DBManager;
			sourceTree = "<group>";
		};
		9B6860031DAB385F001EC9FF /* DAO */ = {
			isa = PBXGroup;
			children = (
				9B6860041DAB385F001EC9FF /* DB */,
				9B68600B1DAB385F001EC9FF /* HTTP */,
			);
			path = DAO;
			sourceTree = "<group>";
		};
		9B6860041DAB385F001EC9FF /* DB */ = {
			isa = PBXGroup;
			children = (
				9B6860051DAB385F001EC9FF /* BaseDBDao */,
				9B6860081DAB385F001EC9FF /* OptDao */,
			);
			path = DB;
			sourceTree = "<group>";
		};
		9B6860051DAB385F001EC9FF /* BaseDBDao */ = {
			isa = PBXGroup;
			children = (
				9B6860061DAB385F001EC9FF /* BaseDBDao.h */,
				9B6860071DAB385F001EC9FF /* BaseDBDao.m */,
			);
			path = BaseDBDao;
			sourceTree = "<group>";
		};
		9B6860081DAB385F001EC9FF /* OptDao */ = {
			isa = PBXGroup;
			children = (
				9B6860091DAB385F001EC9FF /* OptDao.h */,
				9B68600A1DAB385F001EC9FF /* OptDao.m */,
			);
			path = OptDao;
			sourceTree = "<group>";
		};
		9B68600B1DAB385F001EC9FF /* HTTP */ = {
			isa = PBXGroup;
			children = (
			);
			path = HTTP;
			sourceTree = "<group>";
		};
		9B6860141DAB3E06001EC9FF /* SPVC */ = {
			isa = PBXGroup;
			children = (
				9B6860151DAB3E06001EC9FF /* Found */,
				9B68601A1DAB3E06001EC9FF /* Main */,
				9B6860271DAB3E06001EC9FF /* Me */,
				9B68602D1DAB3E06001EC9FF /* Subscribe */,
				9B6860321DAB3E06001EC9FF /* Topic */,
				9B68602C1DAB3E06001EC9FF /* Other */,
			);
			path = SPVC;
			sourceTree = "<group>";
		};
		9B6860151DAB3E06001EC9FF /* Found */ = {
			isa = PBXGroup;
			children = (
				9B6860161DAB3E06001EC9FF /* Controller */,
				9B6860191DAB3E06001EC9FF /* View */,
			);
			path = Found;
			sourceTree = "<group>";
		};
		9B6860161DAB3E06001EC9FF /* Controller */ = {
			isa = PBXGroup;
			children = (
				9B6860171DAB3E06001EC9FF /* SPFoundViewController.h */,
				9B6860181DAB3E06001EC9FF /* SPFoundViewController.m */,
			);
			path = Controller;
			sourceTree = "<group>";
		};
		9B6860191DAB3E06001EC9FF /* View */ = {
			isa = PBXGroup;
			children = (
			);
			path = View;
			sourceTree = "<group>";
		};
		9B68601A1DAB3E06001EC9FF /* Main */ = {
			isa = PBXGroup;
			children = (
				9B68601B1DAB3E06001EC9FF /* AppDelegate.h */,
				9B68601C1DAB3E06001EC9FF /* AppDelegate.m */,
				9B68601D1DAB3E06001EC9FF /* Category */,
				9B6860201DAB3E06001EC9FF /* Controller */,
				9B6860251DAB3E06001EC9FF /* main.m */,
				9B6860261DAB3E06001EC9FF /* PrefixHeader.pch */,
			);
			path = Main;
			sourceTree = "<group>";
		};
		9B68601D1DAB3E06001EC9FF /* Category */ = {
			isa = PBXGroup;
			children = (
				9B68601E1DAB3E06001EC9FF /* UIImage+SPExtension.h */,
				9B68601F1DAB3E06001EC9FF /* UIImage+SPExtension.m */,
			);
			path = Category;
			sourceTree = "<group>";
		};
		9B6860201DAB3E06001EC9FF /* Controller */ = {
			isa = PBXGroup;
			children = (
				9B6860211DAB3E06001EC9FF /* SPNavigationController.h */,
				9B6860221DAB3E06001EC9FF /* SPNavigationController.m */,
				9B6860231DAB3E06001EC9FF /* SPTabBarController.h */,
				9B6860241DAB3E06001EC9FF /* SPTabBarController.m */,
			);
			path = Controller;
			sourceTree = "<group>";
		};
		9B6860271DAB3E06001EC9FF /* Me */ = {
			isa = PBXGroup;
			children = (
				9B6860281DAB3E06001EC9FF /* Controller */,
				9B68602B1DAB3E06001EC9FF /* View */,
			);
			path = Me;
			sourceTree = "<group>";
		};
		9B6860281DAB3E06001EC9FF /* Controller */ = {
			isa = PBXGroup;
			children = (
				9B6860291DAB3E06001EC9FF /* SPMeViewController.h */,
				9B68602A1DAB3E06001EC9FF /* SPMeViewController.m */,
			);
			path = Controller;
			sourceTree = "<group>";
		};
		9B68602B1DAB3E06001EC9FF /* View */ = {
			isa = PBXGroup;
			children = (
			);
			path = View;
			sourceTree = "<group>";
		};
		9B68602C1DAB3E06001EC9FF /* Other */ = {
			isa = PBXGroup;
			children = (
			);
			path = Other;
			sourceTree = "<group>";
		};
		9B68602D1DAB3E06001EC9FF /* Subscribe */ = {
			isa = PBXGroup;
			children = (
				9B68602E1DAB3E06001EC9FF /* Controller */,
				9B6860311DAB3E06001EC9FF /* View */,
			);
			path = Subscribe;
			sourceTree = "<group>";
		};
		9B68602E1DAB3E06001EC9FF /* Controller */ = {
			isa = PBXGroup;
			children = (
				9B68602F1DAB3E06001EC9FF /* SPSubscribeViewController.h */,
				9B6860301DAB3E06001EC9FF /* SPSubscribeViewController.m */,
			);
			path = Controller;
			sourceTree = "<group>";
		};
		9B6860311DAB3E06001EC9FF /* View */ = {
			isa = PBXGroup;
			children = (
			);
			path = View;
			sourceTree = "<group>";
		};
		9B6860321DAB3E06001EC9FF /* Topic */ = {
			isa = PBXGroup;
			children = (
				9B6860331DAB3E06001EC9FF /* Controller */,
				9B6860361DAB3E06001EC9FF /* View */,
			);
			path = Topic;
			sourceTree = "<group>";
		};
		9B6860331DAB3E06001EC9FF /* Controller */ = {
			isa = PBXGroup;
			children = (
				9B6860341DAB3E06001EC9FF /* SPTopicViewController.h */,
				9B6860351DAB3E06001EC9FF /* SPTopicViewController.m */,
			);
			path = Controller;
			sourceTree = "<group>";
		};
		9B6860361DAB3E06001EC9FF /* View */ = {
			isa = PBXGroup;
			children = (
			);
			path = View;
			sourceTree = "<group>";
		};
		9B6860401DAB464D001EC9FF /* Entity */ = {
			isa = PBXGroup;
			children = (
				9B6860411DAB464D001EC9FF /* OpEntity */,
			);
			path = Entity;
			sourceTree = "<group>";
		};
		9B6860411DAB464D001EC9FF /* OpEntity */ = {
			isa = PBXGroup;
			children = (
				9B6860421DAB464D001EC9FF /* OptEntity.h */,
				9B6860431DAB464D001EC9FF /* OptEntity.m */,
			);
			path = OpEntity;
			sourceTree = "<group>";
		};
		9BA553CF1D9E31EE0043E97E = {
			isa = PBXGroup;
			children = (
				9BA553DA1D9E31EE0043E97E /* Sparta */,
				9BA553D91D9E31EE0043E97E /* Products */,
				B553F4A7866AD31B72D068BC /* Pods */,
				6D3F3E8470089F60E7749024 /* Frameworks */,
			);
			sourceTree = "<group>";
		};
		9BA553D91D9E31EE0043E97E /* Products */ = {
			isa = PBXGroup;
			children = (
				9BA553D81D9E31EE0043E97E /* Sparta.app */,
			);
			name = Products;
			sourceTree = "<group>";
		};
		9BA553DA1D9E31EE0043E97E /* Sparta */ = {
			isa = PBXGroup;
			children = (
				9B6860141DAB3E06001EC9FF /* SPVC */,
				9B685FFD1DAB385F001EC9FF /* Model */,
				9B685FEE1DAA4F5F001EC9FF /* Common */,
				9BA553E41D9E31EE0043E97E /* Main.storyboard */,
				9BA553EA1D9E31EE0043E97E /* Assets.xcassets */,
				9BA553EC1D9E31EE0043E97E /* LaunchScreen.storyboard */,
				9BA553EF1D9E31EE0043E97E /* Info.plist */,
				9BA553E71D9E31EE0043E97E /* Sparta.xcdatamodeld */,
				9BA553DB1D9E31EE0043E97E /* Supporting Files */,
			);
			path = Sparta;
			sourceTree = "<group>";
		};
		9BA553DB1D9E31EE0043E97E /* Supporting Files */ = {
			isa = PBXGroup;
			children = (
				9BA553DC1D9E31EE0043E97E /* main.m */,
			);
			name = "Supporting Files";
			sourceTree = "<group>";
		};
		B553F4A7866AD31B72D068BC /* Pods */ = {
			isa = PBXGroup;
			children = (
				71F3C358BDCD58D1399160BB /* Pods-Sparta.debug.xcconfig */,
				2F9ED301CE1BF1A6E763FD1E /* Pods-Sparta.release.xcconfig */,
			);
			name = Pods;
			sourceTree = "<group>";
		};
/* End PBXGroup section */

/* Begin PBXNativeTarget section */
		9BA553D71D9E31EE0043E97E /* Sparta */ = {
			isa = PBXNativeTarget;
			buildConfigurationList = 9BA553F21D9E31EE0043E97E /* Build configuration list for PBXNativeTarget "Sparta" */;
			buildPhases = (
				85EB88497E4647A22D620693 /* [CP] Check Pods Manifest.lock */,
				9BA553D41D9E31EE0043E97E /* Sources */,
				9BA553D51D9E31EE0043E97E /* Frameworks */,
				9BA553D61D9E31EE0043E97E /* Resources */,
				0B1057AA9FB04CB81C3FA75B /* [CP] Embed Pods Frameworks */,
				44060AE693846EFAB6DFF9ED /* [CP] Copy Pods Resources */,
			);
			buildRules = (
			);
			dependencies = (
			);
			name = Sparta;
			productName = Sparta;
			productReference = 9BA553D81D9E31EE0043E97E /* Sparta.app */;
			productType = "com.apple.product-type.application";
		};
/* End PBXNativeTarget section */

/* Begin PBXProject section */
		9BA553D01D9E31EE0043E97E /* Project object */ = {
			isa = PBXProject;
			attributes = {
				LastUpgradeCheck = 0730;
				ORGANIZATIONNAME = Ginvar;
				TargetAttributes = {
					9BA553D71D9E31EE0043E97E = {
						CreatedOnToolsVersion = 7.3.1;
					};
				};
			};
			buildConfigurationList = 9BA553D31D9E31EE0043E97E /* Build configuration list for PBXProject "Sparta" */;
			compatibilityVersion = "Xcode 3.2";
			developmentRegion = English;
			hasScannedForEncodings = 0;
			knownRegions = (
				en,
				Base,
			);
			mainGroup = 9BA553CF1D9E31EE0043E97E;
			productRefGroup = 9BA553D91D9E31EE0043E97E /* Products */;
			projectDirPath = "";
			projectRoot = "";
			targets = (
				9BA553D71D9E31EE0043E97E /* Sparta */,
			);
		};
/* End PBXProject section */

/* Begin PBXResourcesBuildPhase section */
		9BA553D61D9E31EE0043E97E /* Resources */ = {
			isa = PBXResourcesBuildPhase;
			buildActionMask = 2147483647;
			files = (
				9BA553EE1D9E31EE0043E97E /* LaunchScreen.storyboard in Resources */,
				9BA553EB1D9E31EE0043E97E /* Assets.xcassets in Resources */,
				9BA553E61D9E31EE0043E97E /* Main.storyboard in Resources */,
			);
			runOnlyForDeploymentPostprocessing = 0;
		};
/* End PBXResourcesBuildPhase section */

/* Begin PBXShellScriptBuildPhase section */
		0B1057AA9FB04CB81C3FA75B /* [CP] Embed Pods Frameworks */ = {
			isa = PBXShellScriptBuildPhase;
			buildActionMask = 2147483647;
			files = (
			);
			inputPaths = (
			);
			name = "[CP] Embed Pods Frameworks";
			outputPaths = (
			);
			runOnlyForDeploymentPostprocessing = 0;
			shellPath = /bin/sh;
			shellScript = "\"${SRCROOT}/Pods/Target Support Files/Pods-Sparta/Pods-Sparta-frameworks.sh\"\n";
			showEnvVarsInLog = 0;
		};
		44060AE693846EFAB6DFF9ED /* [CP] Copy Pods Resources */ = {
			isa = PBXShellScriptBuildPhase;
			buildActionMask = 2147483647;
			files = (
			);
			inputPaths = (
			);
			name = "[CP] Copy Pods Resources";
			outputPaths = (
			);
			runOnlyForDeploymentPostprocessing = 0;
			shellPath = /bin/sh;
			shellScript = "\"${SRCROOT}/Pods/Target Support Files/Pods-Sparta/Pods-Sparta-resources.sh\"\n";
			showEnvVarsInLog = 0;
		};
		85EB88497E4647A22D620693 /* [CP] Check Pods Manifest.lock */ = {
			isa = PBXShellScriptBuildPhase;
			buildActionMask = 2147483647;
			files = (
			);
			inputPaths = (
			);
			name = "[CP] Check Pods Manifest.lock";
			outputPaths = (
			);
			runOnlyForDeploymentPostprocessing = 0;
			shellPath = /bin/sh;
			shellScript = "diff \"${PODS_ROOT}/../Podfile.lock\" \"${PODS_ROOT}/Manifest.lock\" > /dev/null\nif [[ $? != 0 ]] ; then\n    cat << EOM\nerror: The sandbox is not in sync with the Podfile.lock. Run 'pod install' or update your CocoaPods installation.\nEOM\n    exit 1\nfi\n";
			showEnvVarsInLog = 0;
		};
/* End PBXShellScriptBuildPhase section */

/* Begin PBXSourcesBuildPhase section */
		9BA553D41D9E31EE0043E97E /* Sources */ = {
			isa = PBXSourcesBuildPhase;
			buildActionMask = 2147483647;
			files = (
				9B6860391DAB3E06001EC9FF /* UIImage+SPExtension.m in Sources */,
				9B6860441DAB464D001EC9FF /* OptEntity.m in Sources */,
				9B6860371DAB3E06001EC9FF /* SPFoundViewController.m in Sources */,
				9B68600E1DAB385F001EC9FF /* OptDao.m in Sources */,
				9B68603B1DAB3E06001EC9FF /* SPTabBarController.m in Sources */,
				9B68603D1DAB3E06001EC9FF /* SPMeViewController.m in Sources */,
				9B68600C1DAB385F001EC9FF /* SPDBManager.m in Sources */,
				9B6860381DAB3E06001EC9FF /* AppDelegate.m in Sources */,
				9B685FF21DAA4FCE001EC9FF /* StatisticInfo.m in Sources */,
				9B68600D1DAB385F001EC9FF /* BaseDBDao.m in Sources */,
				9B68603E1DAB3E06001EC9FF /* SPSubscribeViewController.m in Sources */,
				9B68603F1DAB3E06001EC9FF /* SPTopicViewController.m in Sources */,
				9B68603A1DAB3E06001EC9FF /* SPNavigationController.m in Sources */,
				9B68603C1DAB3E06001EC9FF /* main.m in Sources */,
				9BA553E91D9E31EE0043E97E /* Sparta.xcdatamodeld in Sources */,
			);
			runOnlyForDeploymentPostprocessing = 0;
		};
/* End PBXSourcesBuildPhase section */

/* Begin PBXVariantGroup section */
		9BA553E41D9E31EE0043E97E /* Main.storyboard */ = {
			isa = PBXVariantGroup;
			children = (
				9BA553E51D9E31EE0043E97E /* Base */,
			);
			name = Main.storyboard;
			sourceTree = "<group>";
		};
		9BA553EC1D9E31EE0043E97E /* LaunchScreen.storyboard */ = {
			isa = PBXVariantGroup;
			children = (
				9BA553ED1D9E31EE0043E97E /* Base */,
			);
			name = LaunchScreen.storyboard;
			sourceTree = "<group>";
		};
/* End PBXVariantGroup section */

/* Begin XCBuildConfiguration section */
		9BA553F01D9E31EE0043E97E /* Debug */ = {
			isa = XCBuildConfiguration;
			buildSettings = {
				ALWAYS_SEARCH_USER_PATHS = NO;
				CLANG_ANALYZER_NONNULL = YES;
				CLANG_CXX_LANGUAGE_STANDARD = "gnu++0x";
				CLANG_CXX_LIBRARY = "libc++";
				CLANG_ENABLE_MODULES = YES;
				CLANG_ENABLE_OBJC_ARC = YES;
				CLANG_WARN_BOOL_CONVERSION = YES;
				CLANG_WARN_CONSTANT_CONVERSION = YES;
				CLANG_WARN_DIRECT_OBJC_ISA_USAGE = YES_ERROR;
				CLANG_WARN_EMPTY_BODY = YES;
				CLANG_WARN_ENUM_CONVERSION = YES;
				CLANG_WARN_INT_CONVERSION = YES;
				CLANG_WARN_OBJC_ROOT_CLASS = YES_ERROR;
				CLANG_WARN_UNREACHABLE_CODE = YES;
				CLANG_WARN__DUPLICATE_METHOD_MATCH = YES;
				"CODE_SIGN_IDENTITY[sdk=iphoneos*]" = "iPhone Developer";
				COPY_PHASE_STRIP = NO;
				DEBUG_INFORMATION_FORMAT = dwarf;
				ENABLE_STRICT_OBJC_MSGSEND = YES;
				ENABLE_TESTABILITY = YES;
				GCC_C_LANGUAGE_STANDARD = gnu99;
				GCC_DYNAMIC_NO_PIC = NO;
				GCC_NO_COMMON_BLOCKS = YES;
				GCC_OPTIMIZATION_LEVEL = 0;
				GCC_PREPROCESSOR_DEFINITIONS = (
					"DEBUG=1",
					"$(inherited)",
				);
				GCC_WARN_64_TO_32_BIT_CONVERSION = YES;
				GCC_WARN_ABOUT_RETURN_TYPE = YES_ERROR;
				GCC_WARN_UNDECLARED_SELECTOR = YES;
				GCC_WARN_UNINITIALIZED_AUTOS = YES_AGGRESSIVE;
				GCC_WARN_UNUSED_FUNCTION = YES;
				GCC_WARN_UNUSED_VARIABLE = YES;
				IPHONEOS_DEPLOYMENT_TARGET = 9.3;
				MTL_ENABLE_DEBUG_INFO = YES;
				ONLY_ACTIVE_ARCH = YES;
				SDKROOT = iphoneos;
			};
			name = Debug;
		};
		9BA553F11D9E31EE0043E97E /* Release */ = {
			isa = XCBuildConfiguration;
			buildSettings = {
				ALWAYS_SEARCH_USER_PATHS = NO;
				CLANG_ANALYZER_NONNULL = YES;
				CLANG_CXX_LANGUAGE_STANDARD = "gnu++0x";
				CLANG_CXX_LIBRARY = "libc++";
				CLANG_ENABLE_MODULES = YES;
				CLANG_ENABLE_OBJC_ARC = YES;
				CLANG_WARN_BOOL_CONVERSION = YES;
				CLANG_WARN_CONSTANT_CONVERSION = YES;
				CLANG_WARN_DIRECT_OBJC_ISA_USAGE = YES_ERROR;
				CLANG_WARN_EMPTY_BODY = YES;
				CLANG_WARN_ENUM_CONVERSION = YES;
				CLANG_WARN_INT_CONVERSION = YES;
				CLANG_WARN_OBJC_ROOT_CLASS = YES_ERROR;
				CLANG_WARN_UNREACHABLE_CODE = YES;
				CLANG_WARN__DUPLICATE_METHOD_MATCH = YES;
				"CODE_SIGN_IDENTITY[sdk=iphoneos*]" = "iPhone Developer";
				COPY_PHASE_STRIP = NO;
				DEBUG_INFORMATION_FORMAT = "dwarf-with-dsym";
				ENABLE_NS_ASSERTIONS = NO;
				ENABLE_STRICT_OBJC_MSGSEND = YES;
				GCC_C_LANGUAGE_STANDARD = gnu99;
				GCC_NO_COMMON_BLOCKS = YES;
				GCC_WARN_64_TO_32_BIT_CONVERSION = YES;
				GCC_WARN_ABOUT_RETURN_TYPE = YES_ERROR;
				GCC_WARN_UNDECLARED_SELECTOR = YES;
				GCC_WARN_UNINITIALIZED_AUTOS = YES_AGGRESSIVE;
				GCC_WARN_UNUSED_FUNCTION = YES;
				GCC_WARN_UNUSED_VARIABLE = YES;
				IPHONEOS_DEPLOYMENT_TARGET = 9.3;
				MTL_ENABLE_DEBUG_INFO = NO;
				SDKROOT = iphoneos;
				VALIDATE_PRODUCT = YES;
			};
			name = Release;
		};
		9BA553F31D9E31EE0043E97E /* Debug */ = {
			isa = XCBuildConfiguration;
			baseConfigurationReference = 71F3C358BDCD58D1399160BB /* Pods-Sparta.debug.xcconfig */;
			buildSettings = {
				ASSETCATALOG_COMPILER_APPICON_NAME = AppIcon;
				GCC_PREFIX_HEADER = Sparta/SPVC/Main/PrefixHeader.pch;
				INFOPLIST_FILE = Sparta/Info.plist;
				LD_RUNPATH_SEARCH_PATHS = "$(inherited) @executable_path/Frameworks";
				PRODUCT_BUNDLE_IDENTIFIER = com.kugou.Sparta;
				PRODUCT_NAME = "$(TARGET_NAME)";
			};
			name = Debug;
		};
		9BA553F41D9E31EE0043E97E /* Release */ = {
			isa = XCBuildConfiguration;
			baseConfigurationReference = 2F9ED301CE1BF1A6E763FD1E /* Pods-Sparta.release.xcconfig */;
			buildSettings = {
				ASSETCATALOG_COMPILER_APPICON_NAME = AppIcon;
				GCC_PREFIX_HEADER = Sparta/SPVC/Main/PrefixHeader.pch;
				INFOPLIST_FILE = Sparta/Info.plist;
				LD_RUNPATH_SEARCH_PATHS = "$(inherited) @executable_path/Frameworks";
				PRODUCT_BUNDLE_IDENTIFIER = com.kugou.Sparta;
				PRODUCT_NAME = "$(TARGET_NAME)";
			};
			name = Release;
		};
/* End XCBuildConfiguration section */

/* Begin XCConfigurationList section */
		9BA553D31D9E31EE0043E97E /* Build configuration list for PBXProject "Sparta" */ = {
			isa = XCConfigurationList;
			buildConfigurations = (
				9BA553F01D9E31EE0043E97E /* Debug */,
				9BA553F11D9E31EE0043E97E /* Release */,
			);
			defaultConfigurationIsVisible = 0;
			defaultConfigurationName = Release;
		};
		9BA553F21D9E31EE0043E97E /* Build configuration list for PBXNativeTarget "Sparta" */ = {
			isa = XCConfigurationList;
			buildConfigurations = (
				9BA553F31D9E31EE0043E97E /* Debug */,
				9BA553F41D9E31EE0043E97E /* Release */,
			);
			defaultConfigurationIsVisible = 0;
			defaultConfigurationName = Release;
		};
/* End XCConfigurationList section */

/* Begin XCVersionGroup section */
		9BA553E71D9E31EE0043E97E /* Sparta.xcdatamodeld */ = {
			isa = XCVersionGroup;
			children = (
				9BA553E81D9E31EE0043E97E /* Sparta.xcdatamodel */,
			);
			currentVersion = 9BA553E81D9E31EE0043E97E /* Sparta.xcdatamodel */;
			path = Sparta.xcdatamodeld;
			sourceTree = "<group>";
			versionGroupType = wrapper.xcdatamodel;
		};
/* End XCVersionGroup section */
	};
	rootObject = 9BA553D01D9E31EE0043E97E /* Project object */;
}
